
Microsoft Visual Studio Solution File, Format Version 12.00
# Visual Studio Version 17
VisualStudioVersion = 17.4.33103.184
MinimumVisualStudioVersion = 10.0.40219.1
Project("{FAE04EC0-301F-11D3-BF4B-00C04F79EFBC}") = "SepantaDBConnector", "SepantaDBConnector\SepantaDBConnector.csproj", "{D3BF9DA8-F0A4-4235-A08A-6B125D80EB4C}"
EndProject
Global
	GlobalSection(SolutionConfigurationPlatforms) = preSolution
		Debug|Any CPU = Debug|Any CPU
		Release|Any CPU = Release|Any CPU
	EndGlobalSection
	GlobalSection(ProjectConfigurationPlatforms) = postSolution
		{D3BF9DA8-F0A4-4235-A08A-6B125D80EB4C}.Debug|Any CPU.ActiveCfg = Debug|Any CPU
		{D3BF9DA8-F0A4-4235-A08A-6B125D80EB4C}.Debug|Any CPU.Build.0 = Debug|Any CPU
		{D3BF9DA8-F0A4-4235-A08A-6B125D80EB4C}.Release|Any CPU.ActiveCfg = Release|Any CPU
		{D3BF9DA8-F0A4-4235-A08A-6B125D80EB4C}.Release|Any CPU.Build.0 = Release|Any CPU
	EndGlobalSection
	GlobalSection(SolutionProperties) = preSolution
		HideSolutionNode = FALSE
	EndGlobalSection
	GlobalSection(ExtensibilityGlobals) = postSolution
		SolutionGuid = {F5015A3B-F496-4F66-9034-61226E1B7592}
	EndGlobalSection
EndGlobal
